// !$*UTF8*$!
{
	archiveVersion = 1;
	classes = {
	};
	objectVersion = 51;
	objects = {

/* Begin PBXBuildFile section */
		3C25026C5BF49F0D1EE1038B /* Pods_NewsApi.framework in Frameworks */ = {isa = PBXBuildFile; fileRef = 941CD372C59BA2566A34EE33 /* Pods_NewsApi.framework */; };
		6F0F4EC0234B9FA900C050F7 /* FavouriteViewModel.swift in Sources */ = {isa = PBXBuildFile; fileRef = 6F0F4EBF234B9FA900C050F7 /* FavouriteViewModel.swift */; };
		6F4A676D23450BC000BD1014 /* FeedCategoryVCell.swift in Sources */ = {isa = PBXBuildFile; fileRef = 6F4A676B23450BC000BD1014 /* FeedCategoryVCell.swift */; };
		6F4A676E23450BC000BD1014 /* FeedCategoryVCell.xib in Resources */ = {isa = PBXBuildFile; fileRef = 6F4A676C23450BC000BD1014 /* FeedCategoryVCell.xib */; };
		6F4A67752346073100BD1014 /* PreviewItemVCell.swift in Sources */ = {isa = PBXBuildFile; fileRef = 6F4A67732346073100BD1014 /* PreviewItemVCell.swift */; };
		6F4A67762346073100BD1014 /* PreviewItemVCell.xib in Resources */ = {isa = PBXBuildFile; fileRef = 6F4A67742346073100BD1014 /* PreviewItemVCell.xib */; };
		6F4FBB342352058500985741 /* DateExtension.swift in Sources */ = {isa = PBXBuildFile; fileRef = 6F4FBB332352058500985741 /* DateExtension.swift */; };
		6F550C22234DFDF500E743E3 /* SettingVC.swift in Sources */ = {isa = PBXBuildFile; fileRef = 6F550C20234DFDF500E743E3 /* SettingVC.swift */; };
		6F550C23234DFDF500E743E3 /* SettingVC.xib in Resources */ = {isa = PBXBuildFile; fileRef = 6F550C21234DFDF500E743E3 /* SettingVC.xib */; };
		6F550C25234E069400E743E3 /* SettingViewModel.swift in Sources */ = {isa = PBXBuildFile; fileRef = 6F550C24234E069400E743E3 /* SettingViewModel.swift */; };
		6F8027B4234B55A400C0D5E5 /* FullArticleViewModel.swift in Sources */ = {isa = PBXBuildFile; fileRef = 6F8027B3234B55A400C0D5E5 /* FullArticleViewModel.swift */; };
		6F8966E9234B459B007A03C3 /* RealmExtension.swift in Sources */ = {isa = PBXBuildFile; fileRef = 6F8966E8234B459B007A03C3 /* RealmExtension.swift */; };
		6F8966F1234B4BAF007A03C3 /* loading_feed.json in Resources */ = {isa = PBXBuildFile; fileRef = 6F8966F0234B4BAF007A03C3 /* loading_feed.json */; };
		6F8966F3234B4BF7007A03C3 /* empty_fav.json in Resources */ = {isa = PBXBuildFile; fileRef = 6F8966F2234B4BF7007A03C3 /* empty_fav.json */; };
		6FA6FF80233F5DF500123654 /* ImageExtension.swift in Sources */ = {isa = PBXBuildFile; fileRef = 6FA6FF7F233F5DF500123654 /* ImageExtension.swift */; };
		6FA6FF87233F676C00123654 /* NetworkService.swift in Sources */ = {isa = PBXBuildFile; fileRef = 6FA6FF86233F676C00123654 /* NetworkService.swift */; };
		6FA6FF892340D2E700123654 /* FeedViewModel.swift in Sources */ = {isa = PBXBuildFile; fileRef = 6FA6FF882340D2E700123654 /* FeedViewModel.swift */; };
		6FA6FF8C2340D31000123654 /* SuccessResponseApi.swift in Sources */ = {isa = PBXBuildFile; fileRef = 6FA6FF8B2340D31000123654 /* SuccessResponseApi.swift */; };
		6FA8172A233CDAC2005DCB86 /* AppDelegate.swift in Sources */ = {isa = PBXBuildFile; fileRef = 6FA81729233CDAC2005DCB86 /* AppDelegate.swift */; };
		6FA8172C233CDAC2005DCB86 /* SceneDelegate.swift in Sources */ = {isa = PBXBuildFile; fileRef = 6FA8172B233CDAC2005DCB86 /* SceneDelegate.swift */; };
		6FA8172E233CDAC2005DCB86 /* MainNavigationTabViewController.swift in Sources */ = {isa = PBXBuildFile; fileRef = 6FA8172D233CDAC2005DCB86 /* MainNavigationTabViewController.swift */; };
		6FA81733233CDAC6005DCB86 /* Assets.xcassets in Resources */ = {isa = PBXBuildFile; fileRef = 6FA81732233CDAC6005DCB86 /* Assets.xcassets */; };
		6FA81736233CDAC6005DCB86 /* LaunchScreen.storyboard in Resources */ = {isa = PBXBuildFile; fileRef = 6FA81734233CDAC6005DCB86 /* LaunchScreen.storyboard */; };
		6FA8173E233CE0FA005DCB86 /* Main.storyboard in Resources */ = {isa = PBXBuildFile; fileRef = 6FA8173D233CE0FA005DCB86 /* Main.storyboard */; };
		6FB008FB234BB0BF006F29F9 /* ArticleModelToApiMapper.swift in Sources */ = {isa = PBXBuildFile; fileRef = 6FB008FA234BB0BF006F29F9 /* ArticleModelToApiMapper.swift */; };
		6FC13DB1234626A90076F948 /* FeedVC.swift in Sources */ = {isa = PBXBuildFile; fileRef = 6FC13DAF234626A90076F948 /* FeedVC.swift */; };
		6FC13DB2234626A90076F948 /* FeedVC.xib in Resources */ = {isa = PBXBuildFile; fileRef = 6FC13DB0234626A90076F948 /* FeedVC.xib */; };
		6FC13DB8234638B50076F948 /* PinterestLayout.swift in Sources */ = {isa = PBXBuildFile; fileRef = 6FC13DB7234638B50076F948 /* PinterestLayout.swift */; };
		6FC13DBE23478B9B0076F948 /* FullArticleVC.swift in Sources */ = {isa = PBXBuildFile; fileRef = 6FC13DBC23478B9B0076F948 /* FullArticleVC.swift */; };
		6FC13DBF23478B9B0076F948 /* FullArticleVC.xib in Resources */ = {isa = PBXBuildFile; fileRef = 6FC13DBD23478B9B0076F948 /* FullArticleVC.xib */; };
		6FEB1776234915C5002BD874 /* FavouriteVC.swift in Sources */ = {isa = PBXBuildFile; fileRef = 6FEB1774234915C5002BD874 /* FavouriteVC.swift */; };
		6FEB1777234915C5002BD874 /* FavouriteVC.xib in Resources */ = {isa = PBXBuildFile; fileRef = 6FEB1775234915C5002BD874 /* FavouriteVC.xib */; };
		6FEB177923494634002BD874 /* ArticleModel.swift in Sources */ = {isa = PBXBuildFile; fileRef = 6FEB177823494634002BD874 /* ArticleModel.swift */; };
		6FEB177B23494DFF002BD874 /* DatabaseManager.swift in Sources */ = {isa = PBXBuildFile; fileRef = 6FEB177A23494DFF002BD874 /* DatabaseManager.swift */; };
/* End PBXBuildFile section */

/* Begin PBXFileReference section */
		6F0F4EBF234B9FA900C050F7 /* FavouriteViewModel.swift */ = {isa = PBXFileReference; lastKnownFileType = sourcecode.swift; path = FavouriteViewModel.swift; sourceTree = "<group>"; };
		6F4A676B23450BC000BD1014 /* FeedCategoryVCell.swift */ = {isa = PBXFileReference; lastKnownFileType = sourcecode.swift; path = FeedCategoryVCell.swift; sourceTree = "<group>"; };
		6F4A676C23450BC000BD1014 /* FeedCategoryVCell.xib */ = {isa = PBXFileReference; lastKnownFileType = file.xib; path = FeedCategoryVCell.xib; sourceTree = "<group>"; };
		6F4A67732346073100BD1014 /* PreviewItemVCell.swift */ = {isa = PBXFileReference; lastKnownFileType = sourcecode.swift; path = PreviewItemVCell.swift; sourceTree = "<group>"; };
		6F4A67742346073100BD1014 /* PreviewItemVCell.xib */ = {isa = PBXFileReference; lastKnownFileType = file.xib; path = PreviewItemVCell.xib; sourceTree = "<group>"; };
		6F4FBB332352058500985741 /* DateExtension.swift */ = {isa = PBXFileReference; lastKnownFileType = sourcecode.swift; path = DateExtension.swift; sourceTree = "<group>"; };
		6F550C20234DFDF500E743E3 /* SettingVC.swift */ = {isa = PBXFileReference; lastKnownFileType = sourcecode.swift; path = SettingVC.swift; sourceTree = "<group>"; };
		6F550C21234DFDF500E743E3 /* SettingVC.xib */ = {isa = PBXFileReference; lastKnownFileType = file.xib; path = SettingVC.xib; sourceTree = "<group>"; };
		6F550C24234E069400E743E3 /* SettingViewModel.swift */ = {isa = PBXFileReference; lastKnownFileType = sourcecode.swift; path = SettingViewModel.swift; sourceTree = "<group>"; };
		6F8027B3234B55A400C0D5E5 /* FullArticleViewModel.swift */ = {isa = PBXFileReference; lastKnownFileType = sourcecode.swift; path = FullArticleViewModel.swift; sourceTree = "<group>"; };
		6F8966E8234B459B007A03C3 /* RealmExtension.swift */ = {isa = PBXFileReference; lastKnownFileType = sourcecode.swift; path = RealmExtension.swift; sourceTree = "<group>"; };
		6F8966F0234B4BAF007A03C3 /* loading_feed.json */ = {isa = PBXFileReference; fileEncoding = 4; lastKnownFileType = text.json; path = loading_feed.json; sourceTree = "<group>"; };
		6F8966F2234B4BF7007A03C3 /* empty_fav.json */ = {isa = PBXFileReference; fileEncoding = 4; lastKnownFileType = text.json; path = empty_fav.json; sourceTree = "<group>"; };
		6FA6FF7F233F5DF500123654 /* ImageExtension.swift */ = {isa = PBXFileReference; lastKnownFileType = sourcecode.swift; path = ImageExtension.swift; sourceTree = "<group>"; };
		6FA6FF86233F676C00123654 /* NetworkService.swift */ = {isa = PBXFileReference; lastKnownFileType = sourcecode.swift; path = NetworkService.swift; sourceTree = "<group>"; };
		6FA6FF882340D2E700123654 /* FeedViewModel.swift */ = {isa = PBXFileReference; lastKnownFileType = sourcecode.swift; path = FeedViewModel.swift; sourceTree = "<group>"; };
		6FA6FF8B2340D31000123654 /* SuccessResponseApi.swift */ = {isa = PBXFileReference; lastKnownFileType = sourcecode.swift; path = SuccessResponseApi.swift; sourceTree = "<group>"; };
		6FA81726233CDAC2005DCB86 /* NewsApi.app */ = {isa = PBXFileReference; explicitFileType = wrapper.application; includeInIndex = 0; path = NewsApi.app; sourceTree = BUILT_PRODUCTS_DIR; };
		6FA81729233CDAC2005DCB86 /* AppDelegate.swift */ = {isa = PBXFileReference; lastKnownFileType = sourcecode.swift; path = AppDelegate.swift; sourceTree = "<group>"; };
		6FA8172B233CDAC2005DCB86 /* SceneDelegate.swift */ = {isa = PBXFileReference; lastKnownFileType = sourcecode.swift; path = SceneDelegate.swift; sourceTree = "<group>"; };
		6FA8172D233CDAC2005DCB86 /* MainNavigationTabViewController.swift */ = {isa = PBXFileReference; lastKnownFileType = sourcecode.swift; path = MainNavigationTabViewController.swift; sourceTree = "<group>"; };
		6FA81732233CDAC6005DCB86 /* Assets.xcassets */ = {isa = PBXFileReference; lastKnownFileType = folder.assetcatalog; path = Assets.xcassets; sourceTree = "<group>"; };
		6FA81735233CDAC6005DCB86 /* Base */ = {isa = PBXFileReference; lastKnownFileType = file.storyboard; name = Base; path = Base.lproj/LaunchScreen.storyboard; sourceTree = "<group>"; };
		6FA81737233CDAC6005DCB86 /* Info.plist */ = {isa = PBXFileReference; lastKnownFileType = text.plist.xml; path = Info.plist; sourceTree = "<group>"; };
		6FA8173D233CE0FA005DCB86 /* Main.storyboard */ = {isa = PBXFileReference; lastKnownFileType = file.storyboard; path = Main.storyboard; sourceTree = "<group>"; };
		6FB008FA234BB0BF006F29F9 /* ArticleModelToApiMapper.swift */ = {isa = PBXFileReference; lastKnownFileType = sourcecode.swift; path = ArticleModelToApiMapper.swift; sourceTree = "<group>"; };
		6FC13DAF234626A90076F948 /* FeedVC.swift */ = {isa = PBXFileReference; lastKnownFileType = sourcecode.swift; path = FeedVC.swift; sourceTree = "<group>"; };
		6FC13DB0234626A90076F948 /* FeedVC.xib */ = {isa = PBXFileReference; lastKnownFileType = file.xib; path = FeedVC.xib; sourceTree = "<group>"; };
		6FC13DB7234638B50076F948 /* PinterestLayout.swift */ = {isa = PBXFileReference; lastKnownFileType = sourcecode.swift; path = PinterestLayout.swift; sourceTree = "<group>"; };
		6FC13DBC23478B9B0076F948 /* FullArticleVC.swift */ = {isa = PBXFileReference; lastKnownFileType = sourcecode.swift; path = FullArticleVC.swift; sourceTree = "<group>"; };
		6FC13DBD23478B9B0076F948 /* FullArticleVC.xib */ = {isa = PBXFileReference; lastKnownFileType = file.xib; path = FullArticleVC.xib; sourceTree = "<group>"; };
		6FEB1774234915C5002BD874 /* FavouriteVC.swift */ = {isa = PBXFileReference; lastKnownFileType = sourcecode.swift; path = FavouriteVC.swift; sourceTree = "<group>"; };
		6FEB1775234915C5002BD874 /* FavouriteVC.xib */ = {isa = PBXFileReference; lastKnownFileType = file.xib; path = FavouriteVC.xib; sourceTree = "<group>"; };
		6FEB177823494634002BD874 /* ArticleModel.swift */ = {isa = PBXFileReference; lastKnownFileType = sourcecode.swift; path = ArticleModel.swift; sourceTree = "<group>"; };
		6FEB177A23494DFF002BD874 /* DatabaseManager.swift */ = {isa = PBXFileReference; lastKnownFileType = sourcecode.swift; path = DatabaseManager.swift; sourceTree = "<group>"; };
		906FE353D140F6BDB93BA6D7 /* Pods-NewsApi.debug.xcconfig */ = {isa = PBXFileReference; includeInIndex = 1; lastKnownFileType = text.xcconfig; name = "Pods-NewsApi.debug.xcconfig"; path = "Target Support Files/Pods-NewsApi/Pods-NewsApi.debug.xcconfig"; sourceTree = "<group>"; };
		941CD372C59BA2566A34EE33 /* Pods_NewsApi.framework */ = {isa = PBXFileReference; explicitFileType = wrapper.framework; includeInIndex = 0; path = Pods_NewsApi.framework; sourceTree = BUILT_PRODUCTS_DIR; };
		9942BD13C72F95747B6CC36E /* Pods-NewsApi.release.xcconfig */ = {isa = PBXFileReference; includeInIndex = 1; lastKnownFileType = text.xcconfig; name = "Pods-NewsApi.release.xcconfig"; path = "Target Support Files/Pods-NewsApi/Pods-NewsApi.release.xcconfig"; sourceTree = "<group>"; };
/* End PBXFileReference section */

/* Begin PBXFrameworksBuildPhase section */
		6FA81723233CDAC2005DCB86 /* Frameworks */ = {
			isa = PBXFrameworksBuildPhase;
			buildActionMask = 2147483647;
			files = (
				3C25026C5BF49F0D1EE1038B /* Pods_NewsApi.framework in Frameworks */,
			);
			runOnlyForDeploymentPostprocessing = 0;
		};
/* End PBXFrameworksBuildPhase section */

/* Begin PBXGroup section */
		59D87DD86CDA17EC7FBCEDDD /* Pods */ = {
			isa = PBXGroup;
			children = (
				906FE353D140F6BDB93BA6D7 /* Pods-NewsApi.debug.xcconfig */,
				9942BD13C72F95747B6CC36E /* Pods-NewsApi.release.xcconfig */,
			);
			path = Pods;
			sourceTree = "<group>";
		};
		6F0F4EC1234B9FCB00C050F7 /* ViewModel */ = {
			isa = PBXGroup;
			children = (
				6F0F4EBF234B9FA900C050F7 /* FavouriteViewModel.swift */,
			);
			path = ViewModel;
			sourceTree = "<group>";
		};
		6F0F4EC2234B9FD400C050F7 /* View */ = {
			isa = PBXGroup;
			children = (
				6FEB1774234915C5002BD874 /* FavouriteVC.swift */,
				6FEB1775234915C5002BD874 /* FavouriteVC.xib */,
			);
			path = View;
			sourceTree = "<group>";
		};
		6F1E89A52343B0BB00291E80 /* Service */ = {
			isa = PBXGroup;
			children = (
				6FA6FF86233F676C00123654 /* NetworkService.swift */,
				6FEB177A23494DFF002BD874 /* DatabaseManager.swift */,
			);
			path = Service;
			sourceTree = "<group>";
		};
		6F2E612A234B93E80099004D /* ViewModel */ = {
			isa = PBXGroup;
			children = (
				6F8027B3234B55A400C0D5E5 /* FullArticleViewModel.swift */,
			);
			path = ViewModel;
			sourceTree = "<group>";
		};
		6F2E612B234B93FD0099004D /* View */ = {
			isa = PBXGroup;
			children = (
				6FC13DBC23478B9B0076F948 /* FullArticleVC.swift */,
				6FC13DBD23478B9B0076F948 /* FullArticleVC.xib */,
			);
			path = View;
			sourceTree = "<group>";
		};
		6F4A676A23450B8700BD1014 /* Category */ = {
			isa = PBXGroup;
			children = (
				6F4A676B23450BC000BD1014 /* FeedCategoryVCell.swift */,
				6F4A676C23450BC000BD1014 /* FeedCategoryVCell.xib */,
			);
			path = Category;
			sourceTree = "<group>";
		};
		6F550C1E234DFDC400E743E3 /* ViewModel */ = {
			isa = PBXGroup;
			children = (
				6F550C24234E069400E743E3 /* SettingViewModel.swift */,
			);
			path = ViewModel;
			sourceTree = "<group>";
		};
		6F550C1F234DFDD400E743E3 /* View */ = {
			isa = PBXGroup;
			children = (
				6F550C20234DFDF500E743E3 /* SettingVC.swift */,
				6F550C21234DFDF500E743E3 /* SettingVC.xib */,
			);
			path = View;
			sourceTree = "<group>";
		};
		6F8966EC234B49BF007A03C3 /* Extension */ = {
			isa = PBXGroup;
			children = (
				6FA6FF7F233F5DF500123654 /* ImageExtension.swift */,
				6F8966E8234B459B007A03C3 /* RealmExtension.swift */,
				6F4FBB332352058500985741 /* DateExtension.swift */,
			);
			path = Extension;
			sourceTree = "<group>";
		};
		6F8966ED234B49CB007A03C3 /* LottieAssets */ = {
			isa = PBXGroup;
			children = (
				6F8966F2234B4BF7007A03C3 /* empty_fav.json */,
				6F8966F0234B4BAF007A03C3 /* loading_feed.json */,
			);
			path = LottieAssets;
			sourceTree = "<group>";
		};
		6F8966F4234B50E9007A03C3 /* View */ = {
			isa = PBXGroup;
			children = (
				6FC13DAF234626A90076F948 /* FeedVC.swift */,
				6FC13DB0234626A90076F948 /* FeedVC.xib */,
			);
			path = View;
			sourceTree = "<group>";
		};
		6FA6FF7E233F5DD300123654 /* Support */ = {
			isa = PBXGroup;
			children = (
				6F8966ED234B49CB007A03C3 /* LottieAssets */,
				6F8966EC234B49BF007A03C3 /* Extension */,
				6FA81729233CDAC2005DCB86 /* AppDelegate.swift */,
				6FA8172B233CDAC2005DCB86 /* SceneDelegate.swift */,
				6FA8172D233CDAC2005DCB86 /* MainNavigationTabViewController.swift */,
				6FA81732233CDAC6005DCB86 /* Assets.xcassets */,
				6FA81734233CDAC6005DCB86 /* LaunchScreen.storyboard */,
				6FA81737233CDAC6005DCB86 /* Info.plist */,
				6FA8173D233CE0FA005DCB86 /* Main.storyboard */,
			);
			path = Support;
			sourceTree = "<group>";
		};
		6FA6FF84233F627200123654 /* Favourite */ = {
			isa = PBXGroup;
			children = (
				6F0F4EC2234B9FD400C050F7 /* View */,
				6F0F4EC1234B9FCB00C050F7 /* ViewModel */,
			);
			path = Favourite;
			sourceTree = "<group>";
		};
		6FA6FF85233F627C00123654 /* Setting */ = {
			isa = PBXGroup;
			children = (
				6F550C1F234DFDD400E743E3 /* View */,
				6F550C1E234DFDC400E743E3 /* ViewModel */,
			);
			path = Setting;
			sourceTree = "<group>";
		};
		6FA6FF8A2340D2F200123654 /* Model */ = {
			isa = PBXGroup;
			children = (
				6FB008FC234BB0C4006F29F9 /* Mapper */,
				6FA6FF8B2340D31000123654 /* SuccessResponseApi.swift */,
				6FEB177823494634002BD874 /* ArticleModel.swift */,
			);
			path = Model;
			sourceTree = "<group>";
		};
		6FA8171D233CDAC2005DCB86 = {
			isa = PBXGroup;
			children = (
				6FA81728233CDAC2005DCB86 /* NewsApi */,
				6FA81727233CDAC2005DCB86 /* Products */,
				59D87DD86CDA17EC7FBCEDDD /* Pods */,
				E8CE623610EDBF67499F30AA /* Frameworks */,
			);
			sourceTree = "<group>";
		};
		6FA81727233CDAC2005DCB86 /* Products */ = {
			isa = PBXGroup;
			children = (
				6FA81726233CDAC2005DCB86 /* NewsApi.app */,
			);
			name = Products;
			sourceTree = "<group>";
		};
		6FA81728233CDAC2005DCB86 /* NewsApi */ = {
			isa = PBXGroup;
			children = (
				6FA6FF8A2340D2F200123654 /* Model */,
				6FA6FF85233F627C00123654 /* Setting */,
				6FA8173F233CE163005DCB86 /* Feed */,
				6FA6FF84233F627200123654 /* Favourite */,
				6FC13DBB23478B7E0076F948 /* FullArticle */,
				6FC13DB32346294C0076F948 /* UI */,
				6F1E89A52343B0BB00291E80 /* Service */,
				6FA6FF7E233F5DD300123654 /* Support */,
			);
			path = NewsApi;
			sourceTree = "<group>";
		};
		6FA8173F233CE163005DCB86 /* Feed */ = {
			isa = PBXGroup;
			children = (
				6F8966F4234B50E9007A03C3 /* View */,
				6FC13DBA23478B680076F948 /* ViewModel */,
				6F4A676A23450B8700BD1014 /* Category */,
			);
			path = Feed;
			sourceTree = "<group>";
		};
		6FB008FC234BB0C4006F29F9 /* Mapper */ = {
			isa = PBXGroup;
			children = (
				6FB008FA234BB0BF006F29F9 /* ArticleModelToApiMapper.swift */,
			);
			path = Mapper;
			sourceTree = "<group>";
		};
		6FC13DB32346294C0076F948 /* UI */ = {
			isa = PBXGroup;
			children = (
				6FC13DB923478B4D0076F948 /* Preview */,
				6FC13DB7234638B50076F948 /* PinterestLayout.swift */,
			);
			path = UI;
			sourceTree = "<group>";
		};
		6FC13DB923478B4D0076F948 /* Preview */ = {
			isa = PBXGroup;
			children = (
				6F4A67732346073100BD1014 /* PreviewItemVCell.swift */,
				6F4A67742346073100BD1014 /* PreviewItemVCell.xib */,
			);
			path = Preview;
			sourceTree = "<group>";
		};
		6FC13DBA23478B680076F948 /* ViewModel */ = {
			isa = PBXGroup;
			children = (
				6FA6FF882340D2E700123654 /* FeedViewModel.swift */,
			);
			path = ViewModel;
			sourceTree = "<group>";
		};
		6FC13DBB23478B7E0076F948 /* FullArticle */ = {
			isa = PBXGroup;
			children = (
				6F2E612B234B93FD0099004D /* View */,
				6F2E612A234B93E80099004D /* ViewModel */,
			);
			path = FullArticle;
			sourceTree = "<group>";
		};
		E8CE623610EDBF67499F30AA /* Frameworks */ = {
			isa = PBXGroup;
			children = (
				941CD372C59BA2566A34EE33 /* Pods_NewsApi.framework */,
			);
			name = Frameworks;
			sourceTree = "<group>";
		};
/* End PBXGroup section */

/* Begin PBXNativeTarget section */
		6FA81725233CDAC2005DCB86 /* NewsApi */ = {
			isa = PBXNativeTarget;
			buildConfigurationList = 6FA8173A233CDAC6005DCB86 /* Build configuration list for PBXNativeTarget "NewsApi" */;
			buildPhases = (
				63DB029AD180E4AB2FFAF411 /* [CP] Check Pods Manifest.lock */,
				6FA81722233CDAC2005DCB86 /* Sources */,
				6FA81723233CDAC2005DCB86 /* Frameworks */,
				6FA81724233CDAC2005DCB86 /* Resources */,
				84E1743F0979048E7FC461B3 /* [CP] Embed Pods Frameworks */,
			);
			buildRules = (
			);
			dependencies = (
			);
			name = NewsApi;
			productName = NewsApi;
			productReference = 6FA81726233CDAC2005DCB86 /* NewsApi.app */;
			productType = "com.apple.product-type.application";
		};
/* End PBXNativeTarget section */

/* Begin PBXProject section */
		6FA8171E233CDAC2005DCB86 /* Project object */ = {
			isa = PBXProject;
			attributes = {
				LastSwiftUpdateCheck = 1100;
				LastUpgradeCheck = 1100;
				ORGANIZATIONNAME = lilcappucc;
				TargetAttributes = {
					6FA81725233CDAC2005DCB86 = {
						CreatedOnToolsVersion = 11.0;
					};
				};
			};
			buildConfigurationList = 6FA81721233CDAC2005DCB86 /* Build configuration list for PBXProject "NewsApi" */;
			compatibilityVersion = "Xcode 9.3";
			developmentRegion = en;
			hasScannedForEncodings = 0;
			knownRegions = (
				en,
				Base,
			);
			mainGroup = 6FA8171D233CDAC2005DCB86;
			productRefGroup = 6FA81727233CDAC2005DCB86 /* Products */;
			projectDirPath = "";
			projectRoot = "";
			targets = (
				6FA81725233CDAC2005DCB86 /* NewsApi */,
			);
		};
/* End PBXProject section */

/* Begin PBXResourcesBuildPhase section */
		6FA81724233CDAC2005DCB86 /* Resources */ = {
			isa = PBXResourcesBuildPhase;
			buildActionMask = 2147483647;
			files = (
				6F4A676E23450BC000BD1014 /* FeedCategoryVCell.xib in Resources */,
				6F8966F1234B4BAF007A03C3 /* loading_feed.json in Resources */,
				6F4A67762346073100BD1014 /* PreviewItemVCell.xib in Resources */,
				6F8966F3234B4BF7007A03C3 /* empty_fav.json in Resources */,
				6FC13DBF23478B9B0076F948 /* FullArticleVC.xib in Resources */,
				6FEB1777234915C5002BD874 /* FavouriteVC.xib in Resources */,
				6FC13DB2234626A90076F948 /* FeedVC.xib in Resources */,
				6FA8173E233CE0FA005DCB86 /* Main.storyboard in Resources */,
				6F550C23234DFDF500E743E3 /* SettingVC.xib in Resources */,
				6FA81736233CDAC6005DCB86 /* LaunchScreen.storyboard in Resources */,
				6FA81733233CDAC6005DCB86 /* Assets.xcassets in Resources */,
			);
			runOnlyForDeploymentPostprocessing = 0;
		};
/* End PBXResourcesBuildPhase section */

/* Begin PBXShellScriptBuildPhase section */
		63DB029AD180E4AB2FFAF411 /* [CP] Check Pods Manifest.lock */ = {
			isa = PBXShellScriptBuildPhase;
			buildActionMask = 2147483647;
			files = (
			);
			inputFileListPaths = (
			);
			inputPaths = (
				"${PODS_PODFILE_DIR_PATH}/Podfile.lock",
				"${PODS_ROOT}/Manifest.lock",
			);
			name = "[CP] Check Pods Manifest.lock";
			outputFileListPaths = (
			);
			outputPaths = (
				"$(DERIVED_FILE_DIR)/Pods-NewsApi-checkManifestLockResult.txt",
			);
			runOnlyForDeploymentPostprocessing = 0;
			shellPath = /bin/sh;
			shellScript = "diff \"${PODS_PODFILE_DIR_PATH}/Podfile.lock\" \"${PODS_ROOT}/Manifest.lock\" > /dev/null\nif [ $? != 0 ] ; then\n    # print error to STDERR\n    echo \"error: The sandbox is not in sync with the Podfile.lock. Run 'pod install' or update your CocoaPods installation.\" >&2\n    exit 1\nfi\n# This output is used by Xcode 'outputs' to avoid re-running this script phase.\necho \"SUCCESS\" > \"${SCRIPT_OUTPUT_FILE_0}\"\n";
			showEnvVarsInLog = 0;
		};
		84E1743F0979048E7FC461B3 /* [CP] Embed Pods Frameworks */ = {
			isa = PBXShellScriptBuildPhase;
			buildActionMask = 2147483647;
			files = (
			);
			inputFileListPaths = (
				"${PODS_ROOT}/Target Support Files/Pods-NewsApi/Pods-NewsApi-frameworks-${CONFIGURATION}-input-files.xcfilelist",
			);
			name = "[CP] Embed Pods Frameworks";
			outputFileListPaths = (
				"${PODS_ROOT}/Target Support Files/Pods-NewsApi/Pods-NewsApi-frameworks-${CONFIGURATION}-output-files.xcfilelist",
			);
			runOnlyForDeploymentPostprocessing = 0;
			shellPath = /bin/sh;
			shellScript = "\"${PODS_ROOT}/Target Support Files/Pods-NewsApi/Pods-NewsApi-frameworks.sh\"\n";
			showEnvVarsInLog = 0;
		};
/* End PBXShellScriptBuildPhase section */

/* Begin PBXSourcesBuildPhase section */
		6FA81722233CDAC2005DCB86 /* Sources */ = {
			isa = PBXSourcesBuildPhase;
			buildActionMask = 2147483647;
			files = (
				6FA6FF892340D2E700123654 /* FeedViewModel.swift in Sources */,
				6F550C25234E069400E743E3 /* SettingViewModel.swift in Sources */,
				6FC13DB1234626A90076F948 /* FeedVC.swift in Sources */,
				6F8966E9234B459B007A03C3 /* RealmExtension.swift in Sources */,
				6FEB177B23494DFF002BD874 /* DatabaseManager.swift in Sources */,
				6FA8172E233CDAC2005DCB86 /* MainNavigationTabViewController.swift in Sources */,
				6FA8172A233CDAC2005DCB86 /* AppDelegate.swift in Sources */,
				6FC13DBE23478B9B0076F948 /* FullArticleVC.swift in Sources */,
				6F4A676D23450BC000BD1014 /* FeedCategoryVCell.swift in Sources */,
				6FA6FF80233F5DF500123654 /* ImageExtension.swift in Sources */,
				6FA6FF8C2340D31000123654 /* SuccessResponseApi.swift in Sources */,
				6FC13DB8234638B50076F948 /* PinterestLayout.swift in Sources */,
				6FEB1776234915C5002BD874 /* FavouriteVC.swift in Sources */,
				6F8027B4234B55A400C0D5E5 /* FullArticleViewModel.swift in Sources */,
				6FA6FF87233F676C00123654 /* NetworkService.swift in Sources */,
				6F0F4EC0234B9FA900C050F7 /* FavouriteViewModel.swift in Sources */,
				6F4A67752346073100BD1014 /* PreviewItemVCell.swift in Sources */,
				6F4FBB342352058500985741 /* DateExtension.swift in Sources */,
				6FEB177923494634002BD874 /* ArticleModel.swift in Sources */,
				6F550C22234DFDF500E743E3 /* SettingVC.swift in Sources */,
				6FA8172C233CDAC2005DCB86 /* SceneDelegate.swift in Sources */,
				6FB008FB234BB0BF006F29F9 /* ArticleModelToApiMapper.swift in Sources */,
			);
			runOnlyForDeploymentPostprocessing = 0;
		};
/* End PBXSourcesBuildPhase section */

/* Begin PBXVariantGroup section */
		6FA81734233CDAC6005DCB86 /* LaunchScreen.storyboard */ = {
			isa = PBXVariantGroup;
			children = (
				6FA81735233CDAC6005DCB86 /* Base */,
			);
			name = LaunchScreen.storyboard;
			sourceTree = "<group>";
		};
/* End PBXVariantGroup section */

/* Begin XCBuildConfiguration section */
		6FA81738233CDAC6005DCB86 /* Debug */ = {
			isa = XCBuildConfiguration;
			buildSettings = {
				ALWAYS_SEARCH_USER_PATHS = NO;
				CLANG_ANALYZER_NONNULL = YES;
				CLANG_ANALYZER_NUMBER_OBJECT_CONVERSION = YES_AGGRESSIVE;
				CLANG_CXX_LANGUAGE_STANDARD = "gnu++14";
				CLANG_CXX_LIBRARY = "libc++";
				CLANG_ENABLE_MODULES = YES;
				CLANG_ENABLE_OBJC_ARC = YES;
				CLANG_ENABLE_OBJC_WEAK = YES;
				CLANG_WARN_BLOCK_CAPTURE_AUTORELEASING = YES;
				CLANG_WARN_BOOL_CONVERSION = YES;
				CLANG_WARN_COMMA = YES;
				CLANG_WARN_CONSTANT_CONVERSION = YES;
				CLANG_WARN_DEPRECATED_OBJC_IMPLEMENTATIONS = YES;
				CLANG_WARN_DIRECT_OBJC_ISA_USAGE = YES_ERROR;
				CLANG_WARN_DOCUMENTATION_COMMENTS = YES;
				CLANG_WARN_EMPTY_BODY = YES;
				CLANG_WARN_ENUM_CONVERSION = YES;
				CLANG_WARN_INFINITE_RECURSION = YES;
				CLANG_WARN_INT_CONVERSION = YES;
				CLANG_WARN_NON_LITERAL_NULL_CONVERSION = YES;
				CLANG_WARN_OBJC_IMPLICIT_RETAIN_SELF = YES;
				CLANG_WARN_OBJC_LITERAL_CONVERSION = YES;
				CLANG_WARN_OBJC_ROOT_CLASS = YES_ERROR;
				CLANG_WARN_RANGE_LOOP_ANALYSIS = YES;
				CLANG_WARN_STRICT_PROTOTYPES = YES;
				CLANG_WARN_SUSPICIOUS_MOVE = YES;
				CLANG_WARN_UNGUARDED_AVAILABILITY = YES_AGGRESSIVE;
				CLANG_WARN_UNREACHABLE_CODE = YES;
				CLANG_WARN__DUPLICATE_METHOD_MATCH = YES;
				COPY_PHASE_STRIP = NO;
				DEBUG_INFORMATION_FORMAT = dwarf;
				ENABLE_STRICT_OBJC_MSGSEND = YES;
				ENABLE_TESTABILITY = YES;
				GCC_C_LANGUAGE_STANDARD = gnu11;
				GCC_DYNAMIC_NO_PIC = NO;
				GCC_NO_COMMON_BLOCKS = YES;
				GCC_OPTIMIZATION_LEVEL = 0;
				GCC_PREPROCESSOR_DEFINITIONS = (
					"DEBUG=1",
					"$(inherited)",
				);
				GCC_WARN_64_TO_32_BIT_CONVERSION = YES;
				GCC_WARN_ABOUT_RETURN_TYPE = YES_ERROR;
				GCC_WARN_UNDECLARED_SELECTOR = YES;
				GCC_WARN_UNINITIALIZED_AUTOS = YES_AGGRESSIVE;
				GCC_WARN_UNUSED_FUNCTION = YES;
				GCC_WARN_UNUSED_VARIABLE = YES;
				IPHONEOS_DEPLOYMENT_TARGET = 13.0;
				MTL_ENABLE_DEBUG_INFO = INCLUDE_SOURCE;
				MTL_FAST_MATH = YES;
				ONLY_ACTIVE_ARCH = YES;
				SDKROOT = iphoneos;
				SWIFT_ACTIVE_COMPILATION_CONDITIONS = DEBUG;
				SWIFT_OPTIMIZATION_LEVEL = "-Onone";
			};
			name = Debug;
		};
		6FA81739233CDAC6005DCB86 /* Release */ = {
			isa = XCBuildConfiguration;
			buildSettings = {
				ALWAYS_SEARCH_USER_PATHS = NO;
				CLANG_ANALYZER_NONNULL = YES;
				CLANG_ANALYZER_NUMBER_OBJECT_CONVERSION = YES_AGGRESSIVE;
				CLANG_CXX_LANGUAGE_STANDARD = "gnu++14";
				CLANG_CXX_LIBRARY = "libc++";
				CLANG_ENABLE_MODULES = YES;
				CLANG_ENABLE_OBJC_ARC = YES;
				CLANG_ENABLE_OBJC_WEAK = YES;
				CLANG_WARN_BLOCK_CAPTURE_AUTORELEASING = YES;
				CLANG_WARN_BOOL_CONVERSION = YES;
				CLANG_WARN_COMMA = YES;
				CLANG_WARN_CONSTANT_CONVERSION = YES;
				CLANG_WARN_DEPRECATED_OBJC_IMPLEMENTATIONS = YES;
				CLANG_WARN_DIRECT_OBJC_ISA_USAGE = YES_ERROR;
				CLANG_WARN_DOCUMENTATION_COMMENTS = YES;
				CLANG_WARN_EMPTY_BODY = YES;
				CLANG_WARN_ENUM_CONVERSION = YES;
				CLANG_WARN_INFINITE_RECURSION = YES;
				CLANG_WARN_INT_CONVERSION = YES;
				CLANG_WARN_NON_LITERAL_NULL_CONVERSION = YES;
				CLANG_WARN_OBJC_IMPLICIT_RETAIN_SELF = YES;
				CLANG_WARN_OBJC_LITERAL_CONVERSION = YES;
				CLANG_WARN_OBJC_ROOT_CLASS = YES_ERROR;
				CLANG_WARN_RANGE_LOOP_ANALYSIS = YES;
				CLANG_WARN_STRICT_PROTOTYPES = YES;
				CLANG_WARN_SUSPICIOUS_MOVE = YES;
				CLANG_WARN_UNGUARDED_AVAILABILITY = YES_AGGRESSIVE;
				CLANG_WARN_UNREACHABLE_CODE = YES;
				CLANG_WARN__DUPLICATE_METHOD_MATCH = YES;
				COPY_PHASE_STRIP = NO;
				DEBUG_INFORMATION_FORMAT = "dwarf-with-dsym";
				ENABLE_NS_ASSERTIONS = NO;
				ENABLE_STRICT_OBJC_MSGSEND = YES;
				GCC_C_LANGUAGE_STANDARD = gnu11;
				GCC_NO_COMMON_BLOCKS = YES;
				GCC_WARN_64_TO_32_BIT_CONVERSION = YES;
				GCC_WARN_ABOUT_RETURN_TYPE = YES_ERROR;
				GCC_WARN_UNDECLARED_SELECTOR = YES;
				GCC_WARN_UNINITIALIZED_AUTOS = YES_AGGRESSIVE;
				GCC_WARN_UNUSED_FUNCTION = YES;
				GCC_WARN_UNUSED_VARIABLE = YES;
				IPHONEOS_DEPLOYMENT_TARGET = 13.0;
				MTL_ENABLE_DEBUG_INFO = NO;
				MTL_FAST_MATH = YES;
				SDKROOT = iphoneos;
				SWIFT_COMPILATION_MODE = wholemodule;
				SWIFT_OPTIMIZATION_LEVEL = "-O";
				VALIDATE_PRODUCT = YES;
			};
			name = Release;
		};
		6FA8173B233CDAC6005DCB86 /* Debug */ = {
			isa = XCBuildConfiguration;
			baseConfigurationReference = 906FE353D140F6BDB93BA6D7 /* Pods-NewsApi.debug.xcconfig */;
			buildSettings = {
				ASSETCATALOG_COMPILER_APPICON_NAME = AppIcon;
				CODE_SIGN_STYLE = Automatic;
				DEVELOPMENT_TEAM = Y7693M9CNF;
				INFOPLIST_FILE = NewsApi/Support/Info.plist;
				LD_RUNPATH_SEARCH_PATHS = (
					"$(inherited)",
					"@executable_path/Frameworks",
				);
				PRODUCT_BUNDLE_IDENTIFIER = com.lilcappucc.NewsApi;
				PRODUCT_NAME = "$(TARGET_NAME)";
				SWIFT_VERSION = 5.0;
				TARGETED_DEVICE_FAMILY = "1,2";
			};
			name = Debug;
		};
		6FA8173C233CDAC6005DCB86 /* Release */ = {
			isa = XCBuildConfiguration;
			baseConfigurationReference = 9942BD13C72F95747B6CC36E /* Pods-NewsApi.release.xcconfig */;
			buildSettings = {
				ASSETCATALOG_COMPILER_APPICON_NAME = AppIcon;
				CODE_SIGN_STYLE = Automatic;
				DEVELOPMENT_TEAM = Y7693M9CNF;
				INFOPLIST_FILE = NewsApi/Support/Info.plist;
				LD_RUNPATH_SEARCH_PATHS = (
					"$(inherited)",
					"@executable_path/Frameworks",
				);
				PRODUCT_BUNDLE_IDENTIFIER = com.lilcappucc.NewsApi;
				PRODUCT_NAME = "$(TARGET_NAME)";
				SWIFT_VERSION = 5.0;
				TARGETED_DEVICE_FAMILY = "1,2";
			};
			name = Release;
		};
/* End XCBuildConfiguration section */

/* Begin XCConfigurationList section */
		6FA81721233CDAC2005DCB86 /* Build configuration list for PBXProject "NewsApi" */ = {
			isa = XCConfigurationList;
			buildConfigurations = (
				6FA81738233CDAC6005DCB86 /* Debug */,
				6FA81739233CDAC6005DCB86 /* Release */,
			);
			defaultConfigurationIsVisible = 0;
			defaultConfigurationName = Release;
		};
		6FA8173A233CDAC6005DCB86 /* Build configuration list for PBXNativeTarget "NewsApi" */ = {
			isa = XCConfigurationList;
			buildConfigurations = (
				6FA8173B233CDAC6005DCB86 /* Debug */,
				6FA8173C233CDAC6005DCB86 /* Release */,
			);
			defaultConfigurationIsVisible = 0;
			defaultConfigurationName = Release;
		};
/* End XCConfigurationList section */
	};
	rootObject = 6FA8171E233CDAC2005DCB86 /* Project object */;
}
